
Microsoft Visual Studio Solution File, Format Version 12.00
# Visual Studio Version 17
VisualStudioVersion = 17.2.32616.157
MinimumVisualStudioVersion = 10.0.40219.1
Project("{FAE04EC0-301F-11D3-BF4B-00C04F79EFBC}") = "ShiftManagement", "ShiftManagement\ShiftManagement.csproj", "{B97C4375-A900-4F44-B376-DD5F4B5067A1}"
EndProject
Project("{FAE04EC0-301F-11D3-BF4B-00C04F79EFBC}") = "xUnitTest", "xUnitTest\xUnitTest.csproj", "{6E3E6763-A256-4F37-9132-D23086940D9F}"
EndProject
Global
	GlobalSection(SolutionConfigurationPlatforms) = preSolution
		Debug|Any CPU = Debug|Any CPU
		Release|Any CPU = Release|Any CPU
	EndGlobalSection
	GlobalSection(ProjectConfigurationPlatforms) = postSolution
		{B97C4375-A900-4F44-B376-DD5F4B5067A1}.Debug|Any CPU.ActiveCfg = Debug|Any CPU
		{B97C4375-A900-4F44-B376-DD5F4B5067A1}.Debug|Any CPU.Build.0 = Debug|Any CPU
		{B97C4375-A900-4F44-B376-DD5F4B5067A1}.Release|Any CPU.ActiveCfg = Release|Any CPU
		{B97C4375-A900-4F44-B376-DD5F4B5067A1}.Release|Any CPU.Build.0 = Release|Any CPU
		{6E3E6763-A256-4F37-9132-D23086940D9F}.Debug|Any CPU.ActiveCfg = Debug|Any CPU
		{6E3E6763-A256-4F37-9132-D23086940D9F}.Debug|Any CPU.Build.0 = Debug|Any CPU
		{6E3E6763-A256-4F37-9132-D23086940D9F}.Release|Any CPU.ActiveCfg = Release|Any CPU
		{6E3E6763-A256-4F37-9132-D23086940D9F}.Release|Any CPU.Build.0 = Release|Any CPU
	EndGlobalSection
	GlobalSection(SolutionProperties) = preSolution
		HideSolutionNode = FALSE
	EndGlobalSection
	GlobalSection(ExtensibilityGlobals) = postSolution
		SolutionGuid = {126E2C02-19DD-4763-AA3E-0F6D089FD09C}
	EndGlobalSection
EndGlobal
